<?xml version="1.0" encoding="utf-8"?>
<Project ToolsVersion="4.0" xmlns="http://schemas.microsoft.com/developer/msbuild/2003">
  <ItemGroup>
    <Filter Include="ソース ファイル">
      <UniqueIdentifier>{4FC737F1-C7A5-4376-A066-2A32D752A2FF}</UniqueIdentifier>
      <Extensions>cpp;c;cc;cxx;c++;cppm;ixx;def;odl;idl;hpj;bat;asm;asmx</Extensions>
    </Filter>
    <Filter Include="ヘッダー ファイル">
      <UniqueIdentifier>{93995380-89BD-4b04-88EB-625FBE52EBFB}</UniqueIdentifier>
      <Extensions>h;hh;hpp;hxx;h++;hm;inl;inc;ipp;xsd</Extensions>
    </Filter>
    <Filter Include="リソース ファイル">
      <UniqueIdentifier>{67DA6AB6-F800-4c08-8B7A-83BB121AAD01}</UniqueIdentifier>
      <Extensions>rc;ico;cur;bmp;dlg;rc2;rct;bin;rgs;gif;jpg;jpeg;jpe;resx;tiff;tif;png;wav;mfcribbon-ms</Extensions>
    </Filter>
    <Filter Include="シェーダーファイル">
      <UniqueIdentifier>{5fa55758-33af-4624-89c6-48b2b7dd1c2a}</UniqueIdentifier>
    </Filter>
    <Filter Include="ソース ファイル\Input">
      <UniqueIdentifier>{82b38094-b11f-4107-95f4-3494a27bda40}</UniqueIdentifier>
    </Filter>
    <Filter Include="ヘッダー ファイル\WinApp">
      <UniqueIdentifier>{e691bfd4-295a-433b-af72-e5f2b4f52f78}</UniqueIdentifier>
    </Filter>
    <Filter Include="ソース ファイル\WinApp">
      <UniqueIdentifier>{c1906bf3-aef2-41b8-96ba-35e7702b2b67}</UniqueIdentifier>
    </Filter>
    <Filter Include="ソース ファイル\DirectXCommon">
      <UniqueIdentifier>{81b4c052-fc61-4583-9693-1da1ff75f17e}</UniqueIdentifier>
    </Filter>
    <Filter Include="ヘッダー ファイル\DirectXCommon">
      <UniqueIdentifier>{7ec5d983-a4ee-4d02-ad5f-74a16dd6bf46}</UniqueIdentifier>
    </Filter>
    <Filter Include="ヘッダー ファイル\Sprite">
      <UniqueIdentifier>{dfa191f6-309a-4a5b-8401-adca9bb215ca}</UniqueIdentifier>
    </Filter>
    <Filter Include="ソース ファイル\Sprite">
      <UniqueIdentifier>{dec8c016-8867-4bd0-a755-1d3ecb5ce6d7}</UniqueIdentifier>
    </Filter>
    <Filter Include="ヘッダー ファイル\Input">
      <UniqueIdentifier>{6c17b004-2fd0-4e77-9b36-c58ffcfb5b6d}</UniqueIdentifier>
    </Filter>
    <Filter Include="ソース ファイル\Object3d">
      <UniqueIdentifier>{dd7efff2-19d2-4ea9-ad70-558b8fe0fd09}</UniqueIdentifier>
    </Filter>
    <Filter Include="ヘッダー ファイル\Object3d">
      <UniqueIdentifier>{fcc2b0e4-657e-411f-a90c-8c23fe5caa0a}</UniqueIdentifier>
    </Filter>
    <Filter Include="ソース ファイル\ImGui">
      <UniqueIdentifier>{491a84b5-bf0f-40b6-a122-8a83b6fc38f1}</UniqueIdentifier>
    </Filter>
    <Filter Include="ヘッダー ファイル\ImGui">
      <UniqueIdentifier>{da7b4621-ff69-49c0-a58a-6717a805765f}</UniqueIdentifier>
    </Filter>
    <Filter Include="ソース ファイル\Audio">
      <UniqueIdentifier>{2608f989-fb04-4dc9-8acd-27d907aec83f}</UniqueIdentifier>
    </Filter>
    <Filter Include="ヘッダー ファイル\Audio">
      <UniqueIdentifier>{89f39d7d-567c-4689-846f-73228fa28fa3}</UniqueIdentifier>
    </Filter>
    <Filter Include="ヘッダー ファイル\PostEffect">
      <UniqueIdentifier>{87e8d7f7-873c-4197-a66d-c82a95882e16}</UniqueIdentifier>
    </Filter>
    <Filter Include="ソース ファイル\PostEffect">
      <UniqueIdentifier>{b214702d-920a-4fc2-987c-76aeb9dabd8e}</UniqueIdentifier>
    </Filter>
    <Filter Include="ソース ファイル\GameScene">
      <UniqueIdentifier>{88ab049f-bcb6-44a1-b930-3c7a171d7920}</UniqueIdentifier>
    </Filter>
    <Filter Include="ヘッダー ファイル\GameScene">
      <UniqueIdentifier>{f5bd4232-9323-4979-9fe5-6c02590e34d3}</UniqueIdentifier>
    </Filter>
    <Filter Include="ソース ファイル\FPS">
      <UniqueIdentifier>{88899035-39c6-4a30-ae15-8f044d89cba5}</UniqueIdentifier>
    </Filter>
    <Filter Include="ヘッダー ファイル\FPS">
      <UniqueIdentifier>{dfa1efb7-08d6-436e-91e0-41d8000cb879}</UniqueIdentifier>
    </Filter>
    <Filter Include="ソース ファイル\Depth">
      <UniqueIdentifier>{457d91c9-0996-4aab-9e76-8f260f7cc1ba}</UniqueIdentifier>
    </Filter>
    <Filter Include="ヘッダー ファイル\Depth">
      <UniqueIdentifier>{0832bca6-5307-455a-a8da-447150e2117f}</UniqueIdentifier>
    </Filter>
    <Filter Include="ソース ファイル\Math">
      <UniqueIdentifier>{49a563ca-19fb-41a0-8821-e0fbbc09e33b}</UniqueIdentifier>
    </Filter>
    <Filter Include="ヘッダー ファイル\Math">
      <UniqueIdentifier>{af974ed8-d028-4472-8f74-e9b2c546db2a}</UniqueIdentifier>
    </Filter>
    <Filter Include="ソース ファイル\FBX">
      <UniqueIdentifier>{e9fabe1c-058c-4a79-a8da-c6f479fd4938}</UniqueIdentifier>
    </Filter>
    <Filter Include="ヘッダー ファイル\FBX">
      <UniqueIdentifier>{0ff11e97-86f3-44f8-9f75-50ee3e64477e}</UniqueIdentifier>
    </Filter>
  </ItemGroup>
  <ItemGroup>
    <ClCompile Include="main.cpp">
      <Filter>ソース ファイル</Filter>
    </ClCompile>
    <ClCompile Include="Input\Input.cpp">
      <Filter>ソース ファイル\Input</Filter>
    </ClCompile>
    <ClCompile Include="2d\Sprite.cpp">
      <Filter>ソース ファイル\Sprite</Filter>
    </ClCompile>
    <ClCompile Include="2d\SpriteCommon.cpp">
      <Filter>ソース ファイル\Sprite</Filter>
    </ClCompile>
    <ClCompile Include="PostEffect\PostEffect.cpp">
      <Filter>ソース ファイル\PostEffect</Filter>
    </ClCompile>
    <ClCompile Include="3d\Model.cpp">
      <Filter>ソース ファイル\Object3d</Filter>
    </ClCompile>
    <ClCompile Include="3d\Object3d.cpp">
      <Filter>ソース ファイル\Object3d</Filter>
    </ClCompile>
    <ClCompile Include="bace\WinApp.cpp">
      <Filter>ソース ファイル\WinApp</Filter>
    </ClCompile>
    <ClCompile Include="bace\DirectXCommon.cpp">
      <Filter>ソース ファイル\DirectXCommon</Filter>
    </ClCompile>
    <ClCompile Include="bace\ImGuiManager.cpp">
      <Filter>ソース ファイル\ImGui</Filter>
    </ClCompile>
    <ClCompile Include="Audio\Audio.cpp">
      <Filter>ソース ファイル\Audio</Filter>
    </ClCompile>
    <ClCompile Include="Scene\GameScene.cpp">
      <Filter>ソース ファイル\GameScene</Filter>
    </ClCompile>
    <ClCompile Include="bace\FPS.cpp">
      <Filter>ソース ファイル\FPS</Filter>
    </ClCompile>
    <ClCompile Include="Depth\Depth.cpp">
      <Filter>ソース ファイル\Depth</Filter>
    </ClCompile>
    <ClCompile Include="MATH\Affin.cpp">
      <Filter>ソース ファイル\Math</Filter>
    </ClCompile>
    <ClCompile Include="MATH\ConvertXM.cpp">
      <Filter>ソース ファイル\Math</Filter>
    </ClCompile>
    <ClCompile Include="MATH\Matrix4.cpp">
      <Filter>ソース ファイル\Math</Filter>
    </ClCompile>
    <ClCompile Include="MATH\Quaternion.cpp">
      <Filter>ソース ファイル\Math</Filter>
    </ClCompile>
    <ClCompile Include="MATH\Vector2.cpp">
      <Filter>ソース ファイル\Math</Filter>
    </ClCompile>
    <ClCompile Include="MATH\Vector3.cpp">
      <Filter>ソース ファイル\Math</Filter>
    </ClCompile>
    <ClCompile Include="MATH\Vector4.cpp">
      <Filter>ソース ファイル\Math</Filter>
    </ClCompile>
    <ClCompile Include="3d\FbxLoader.cpp">
      <Filter>ソース ファイル\FBX</Filter>
    </ClCompile>
  </ItemGroup>
  <ItemGroup>
    <ClInclude Include="Input\Input.h">
      <Filter>ヘッダー ファイル\Input</Filter>
    </ClInclude>
    <ClInclude Include="2d\Sprite.h">
      <Filter>ヘッダー ファイル\Sprite</Filter>
    </ClInclude>
    <ClInclude Include="2d\SpriteCommon.h">
      <Filter>ヘッダー ファイル\Sprite</Filter>
    </ClInclude>
    <ClInclude Include="PostEffect\PostEffect.h">
      <Filter>ヘッダー ファイル\PostEffect</Filter>
    </ClInclude>
    <ClInclude Include="3d\Model.h">
      <Filter>ヘッダー ファイル\Object3d</Filter>
    </ClInclude>
    <ClInclude Include="3d\Object3d.h">
      <Filter>ヘッダー ファイル\Object3d</Filter>
    </ClInclude>
    <ClInclude Include="bace\WinApp.h">
      <Filter>ヘッダー ファイル\WinApp</Filter>
    </ClInclude>
    <ClInclude Include="bace\ImGuiManager.h">
      <Filter>ヘッダー ファイル\ImGui</Filter>
    </ClInclude>
    <ClInclude Include="bace\DirectXCommon.h">
      <Filter>ヘッダー ファイル\DirectXCommon</Filter>
    </ClInclude>
    <ClInclude Include="Audio\Audio.h">
      <Filter>ヘッダー ファイル\Audio</Filter>
    </ClInclude>
    <ClInclude Include="Scene\GameScene.h">
      <Filter>ヘッダー ファイル\GameScene</Filter>
    </ClInclude>
    <ClInclude Include="bace\ErrorException.h">
      <Filter>ヘッダー ファイル\FPS</Filter>
    </ClInclude>
    <ClInclude Include="bace\FPS.h">
      <Filter>ヘッダー ファイル\FPS</Filter>
    </ClInclude>
    <ClInclude Include="Depth\Depth.h">
      <Filter>ヘッダー ファイル\Depth</Filter>
    </ClInclude>
    <ClInclude Include="MATH\Affin.h">
      <Filter>ヘッダー ファイル\Math</Filter>
    </ClInclude>
    <ClInclude Include="MATH\ConvertXM.h">
      <Filter>ヘッダー ファイル\Math</Filter>
    </ClInclude>
    <ClInclude Include="MATH\Matrix4.h">
      <Filter>ヘッダー ファイル\Math</Filter>
    </ClInclude>
    <ClInclude Include="MATH\Quaternion.h">
      <Filter>ヘッダー ファイル\Math</Filter>
    </ClInclude>
    <ClInclude Include="MATH\Vector2.h">
      <Filter>ヘッダー ファイル\Math</Filter>
    </ClInclude>
    <ClInclude Include="MATH\Vector3.h">
      <Filter>ヘッダー ファイル\Math</Filter>
    </ClInclude>
    <ClInclude Include="MATH\Vector4.h">
      <Filter>ヘッダー ファイル\Math</Filter>
    </ClInclude>
    <ClInclude Include="3d\FbxLoader.h">
      <Filter>ヘッダー ファイル\FBX</Filter>
    </ClInclude>
  </ItemGroup>
  <ItemGroup>
    <FxCompile Include="Resources\shaders\SpritePS.hlsl">
      <Filter>シェーダーファイル</Filter>
    </FxCompile>
    <FxCompile Include="Resources\shaders\SpriteVS.hlsl">
      <Filter>シェーダーファイル</Filter>
    </FxCompile>
    <FxCompile Include="Resources\shaders\BasicPS.hlsl">
      <Filter>シェーダーファイル</Filter>
    </FxCompile>
    <FxCompile Include="Resources\shaders\BasicVS.hlsl">
      <Filter>シェーダーファイル</Filter>
    </FxCompile>
    <FxCompile Include="Resources\shaders\ObjPS.hlsl">
      <Filter>シェーダーファイル</Filter>
    </FxCompile>
    <FxCompile Include="Resources\shaders\ObjVS.hlsl">
      <Filter>シェーダーファイル</Filter>
    </FxCompile>
    <FxCompile Include="Resources\shaders\PostEffectTestPS.hlsl">
      <Filter>シェーダーファイル</Filter>
    </FxCompile>
    <FxCompile Include="Resources\shaders\PostEffectTestVS.hlsl">
      <Filter>シェーダーファイル</Filter>
    </FxCompile>
  </ItemGroup>
  <ItemGroup>
    <None Include="Resources\shaders\Basic.hlsli">
      <Filter>シェーダーファイル</Filter>
    </None>
    <None Include="Resources\shaders\Sprite.hlsli">
      <Filter>シェーダーファイル</Filter>
    </None>
    <None Include="Resources\shaders\Obj.hlsli">
      <Filter>シェーダーファイル</Filter>
    </None>
    <None Include="Resources\shaders\PostEffectTest.hlsli">
      <Filter>シェーダーファイル</Filter>
    </None>
  </ItemGroup>
</Project>